
Microsoft Visual Studio Solution File, Format Version 12.00
# Visual Studio Version 17
VisualStudioVersion = 17.6.33829.357
MinimumVisualStudioVersion = 10.0.40219.1
Project("{FAE04EC0-301F-11D3-BF4B-00C04F79EFBC}") = "WebAPI", "WebAPI\WebAPI.csproj", "{F2005CC7-05A1-4BE5-AC69-F9B21D28E904}"
EndProject
Project("{FAE04EC0-301F-11D3-BF4B-00C04F79EFBC}") = "Persistance", "Persistance\Persistance.csproj", "{90CDC7F0-9CE9-4421-98EF-265EBE0848D6}"
EndProject
Project("{FAE04EC0-301F-11D3-BF4B-00C04F79EFBC}") = "Domain", "Domain\Domain.csproj", "{6C7169A9-3171-4024-A572-E0966756F75A}"
EndProject
Project("{FAE04EC0-301F-11D3-BF4B-00C04F79EFBC}") = "Application", "Application\Application.csproj", "{01535FE2-D8E3-4BA9-9F9D-CE9DAB879BB0}"
EndProject
Project("{FAE04EC0-301F-11D3-BF4B-00C04F79EFBC}") = "Infrastructure", "Infrastructure\Infrastructure.csproj", "{273BF39B-138D-47EB-ACE7-4E9A0DE91663}"
EndProject
Global
	GlobalSection(SolutionConfigurationPlatforms) = preSolution
		Debug|Any CPU = Debug|Any CPU
		Release|Any CPU = Release|Any CPU
	EndGlobalSection
	GlobalSection(ProjectConfigurationPlatforms) = postSolution
		{F2005CC7-05A1-4BE5-AC69-F9B21D28E904}.Debug|Any CPU.ActiveCfg = Debug|Any CPU
		{F2005CC7-05A1-4BE5-AC69-F9B21D28E904}.Debug|Any CPU.Build.0 = Debug|Any CPU
		{F2005CC7-05A1-4BE5-AC69-F9B21D28E904}.Release|Any CPU.ActiveCfg = Release|Any CPU
		{F2005CC7-05A1-4BE5-AC69-F9B21D28E904}.Release|Any CPU.Build.0 = Release|Any CPU
		{90CDC7F0-9CE9-4421-98EF-265EBE0848D6}.Debug|Any CPU.ActiveCfg = Debug|Any CPU
		{90CDC7F0-9CE9-4421-98EF-265EBE0848D6}.Debug|Any CPU.Build.0 = Debug|Any CPU
		{90CDC7F0-9CE9-4421-98EF-265EBE0848D6}.Release|Any CPU.ActiveCfg = Release|Any CPU
		{90CDC7F0-9CE9-4421-98EF-265EBE0848D6}.Release|Any CPU.Build.0 = Release|Any CPU
		{6C7169A9-3171-4024-A572-E0966756F75A}.Debug|Any CPU.ActiveCfg = Debug|Any CPU
		{6C7169A9-3171-4024-A572-E0966756F75A}.Debug|Any CPU.Build.0 = Debug|Any CPU
		{6C7169A9-3171-4024-A572-E0966756F75A}.Release|Any CPU.ActiveCfg = Release|Any CPU
		{6C7169A9-3171-4024-A572-E0966756F75A}.Release|Any CPU.Build.0 = Release|Any CPU
		{01535FE2-D8E3-4BA9-9F9D-CE9DAB879BB0}.Debug|Any CPU.ActiveCfg = Debug|Any CPU
		{01535FE2-D8E3-4BA9-9F9D-CE9DAB879BB0}.Debug|Any CPU.Build.0 = Debug|Any CPU
		{01535FE2-D8E3-4BA9-9F9D-CE9DAB879BB0}.Release|Any CPU.ActiveCfg = Release|Any CPU
		{01535FE2-D8E3-4BA9-9F9D-CE9DAB879BB0}.Release|Any CPU.Build.0 = Release|Any CPU
		{273BF39B-138D-47EB-ACE7-4E9A0DE91663}.Debug|Any CPU.ActiveCfg = Debug|Any CPU
		{273BF39B-138D-47EB-ACE7-4E9A0DE91663}.Debug|Any CPU.Build.0 = Debug|Any CPU
		{273BF39B-138D-47EB-ACE7-4E9A0DE91663}.Release|Any CPU.ActiveCfg = Release|Any CPU
		{273BF39B-138D-47EB-ACE7-4E9A0DE91663}.Release|Any CPU.Build.0 = Release|Any CPU
	EndGlobalSection
	GlobalSection(SolutionProperties) = preSolution
		HideSolutionNode = FALSE
	EndGlobalSection
	GlobalSection(ExtensibilityGlobals) = postSolution
		SolutionGuid = {8D582BC5-D881-4B22-AA24-04D98570AF48}
	EndGlobalSection
EndGlobal
